
Microsoft Visual Studio Solution File, Format Version 12.00
# Visual Studio Version 17
VisualStudioVersion = 17.4.33213.308
MinimumVisualStudioVersion = 10.0.40219.1
Project("{FAE04EC0-301F-11D3-BF4B-00C04F79EFBC}") = "Password Generator", "Password Generator.csproj", "{FB968ED2-7721-4347-A5AF-96ACC745CC45}"
EndProject
Global
	GlobalSection(SolutionConfigurationPlatforms) = preSolution
		Debug|Any CPU = Debug|Any CPU
		Release|Any CPU = Release|Any CPU
	EndGlobalSection
	GlobalSection(ProjectConfigurationPlatforms) = postSolution
		{FB968ED2-7721-4347-A5AF-96ACC745CC45}.Debug|Any CPU.ActiveCfg = Debug|Any CPU
		{FB968ED2-7721-4347-A5AF-96ACC745CC45}.Debug|Any CPU.Build.0 = Debug|Any CPU
		{FB968ED2-7721-4347-A5AF-96ACC745CC45}.Release|Any CPU.ActiveCfg = Release|Any CPU
		{FB968ED2-7721-4347-A5AF-96ACC745CC45}.Release|Any CPU.Build.0 = Release|Any CPU
	EndGlobalSection
	GlobalSection(SolutionProperties) = preSolution
		HideSolutionNode = FALSE
	EndGlobalSection
	GlobalSection(ExtensibilityGlobals) = postSolution
		SolutionGuid = {D8AA702C-BD10-4955-985C-C218C4E0FB36}
	EndGlobalSection
EndGlobal
